
Microsoft Visual Studio Solution File, Format Version 12.00
# Visual Studio Version 17
VisualStudioVersion = 17.14.37628.2 d17.14
MinimumVisualStudioVersion = 10.0.40219.1
Project("{FAE04EC0-301F-11D3-BF4B-00C04F79EFBC}") = "Bai1", "Bai1\Bai1.csproj", "{E03288B9-E515-4434-B85B-52FDC25C50C5}"
EndProject
Project("{FAE04EC0-301F-11D3-BF4B-00C04F79EFBC}") = "Bai2", "Bai2\Bai2.csproj", "{6F963E2D-337E-4B04-AB26-671BD3F806FD}"
EndProject
Project("{FAE04EC0-301F-11D3-BF4B-00C04F79EFBC}") = "BaiNangCao", "BaiNangCao\BaiNangCao.csproj", "{EBD301A5-2C14-4BD9-8127-E084A83EE70F}"
EndProject
Project("{FAE04EC0-301F-11D3-BF4B-00C04F79EFBC}") = "BTVN", "BTVN\BTVN.csproj", "{C8D1D166-2277-4D34-BE09-BCAEF0BB1B43}"
EndProject
Project("{2150E333-8FDC-42A3-9474-1A3956D46DE8}") = "Solution Items", "Solution Items", "{02EA681E-C7D8-13C7-8484-4AC65E1B71E8}"
	ProjectSection(SolutionItems) = preProject
		.gitignore = .gitignore
	EndProjectSection
EndProject
Global
	GlobalSection(SolutionConfigurationPlatforms) = preSolution
		Debug|Any CPU = Debug|Any CPU
		Release|Any CPU = Release|Any CPU
	EndGlobalSection
	GlobalSection(ProjectConfigurationPlatforms) = postSolution
		{E03288B9-E515-4434-B85B-52FDC25C50C5}.Debug|Any CPU.ActiveCfg = Debug|Any CPU
		{E03288B9-E515-4434-B85B-52FDC25C50C5}.Debug|Any CPU.Build.0 = Debug|Any CPU
		{E03288B9-E515-4434-B85B-52FDC25C50C5}.Release|Any CPU.ActiveCfg = Release|Any CPU
		{E03288B9-E515-4434-B85B-52FDC25C50C5}.Release|Any CPU.Build.0 = Release|Any CPU
		{6F963E2D-337E-4B04-AB26-671BD3F806FD}.Debug|Any CPU.ActiveCfg = Debug|Any CPU
		{6F963E2D-337E-4B04-AB26-671BD3F806FD}.Debug|Any CPU.Build.0 = Debug|Any CPU
		{6F963E2D-337E-4B04-AB26-671BD3F806FD}.Release|Any CPU.ActiveCfg = Release|Any CPU
		{6F963E2D-337E-4B04-AB26-671BD3F806FD}.Release|Any CPU.Build.0 = Release|Any CPU
		{EBD301A5-2C14-4BD9-8127-E084A83EE70F}.Debug|Any CPU.ActiveCfg = Debug|Any CPU
		{EBD301A5-2C14-4BD9-8127-E084A83EE70F}.Debug|Any CPU.Build.0 = Debug|Any CPU
		{EBD301A5-2C14-4BD9-8127-E084A83EE70F}.Release|Any CPU.ActiveCfg = Release|Any CPU
		{EBD301A5-2C14-4BD9-8127-E084A83EE70F}.Release|Any CPU.Build.0 = Release|Any CPU
		{C8D1D166-2277-4D34-BE09-BCAEF0BB1B43}.Debug|Any CPU.ActiveCfg = Debug|Any CPU
		{C8D1D166-2277-4D34-BE09-BCAEF0BB1B43}.Debug|Any CPU.Build.0 = Debug|Any CPU
		{C8D1D166-2277-4D34-BE09-BCAEF0BB1B43}.Release|Any CPU.ActiveCfg = Release|Any CPU
		{C8D1D166-2277-4D34-BE09-BCAEF0BB1B43}.Release|Any CPU.Build.0 = Release|Any CPU
	EndGlobalSection
	GlobalSection(SolutionProperties) = preSolution
		HideSolutionNode = FALSE
	EndGlobalSection
	GlobalSection(ExtensibilityGlobals) = postSolution
		SolutionGuid = {F673E988-2C2A-409B-9ECA-B108DDFE8D73}
	EndGlobalSection
EndGlobal
