
Microsoft Visual Studio Solution File, Format Version 12.00
# Visual Studio Version 17
VisualStudioVersion = 17.14.37628.2
MinimumVisualStudioVersion = 10.0.40219.1
Project("{FAE04EC0-301F-11D3-BF4B-00C04F79EFBC}") = "Bai1_1", "Bai1_1\Bai1_1.csproj", "{84C0B343-5CD6-47BD-A3A0-0DC138BFA9E2}"
EndProject
Project("{FAE04EC0-301F-11D3-BF4B-00C04F79EFBC}") = "Bai1_2", "Bai1_2\Bai1_2.csproj", "{C2F50EB7-62FE-4A05-8F02-FCE322361921}"
EndProject
Project("{FAE04EC0-301F-11D3-BF4B-00C04F79EFBC}") = "Bai1_3", "Bai1_3\Bai1_3.csproj", "{770907FA-FBF0-4D6B-B561-DC0F6EA704FA}"
EndProject
Project("{FAE04EC0-301F-11D3-BF4B-00C04F79EFBC}") = "Bai1_4", "Bai1_4\Bai1_4.csproj", "{C8740FA3-4A50-4AD6-8A4D-2E190674E849}"
EndProject
Project("{FAE04EC0-301F-11D3-BF4B-00C04F79EFBC}") = "Bai1_5", "Bai1_5\Bai1_5.csproj", "{31B67C07-DF36-4DB1-9224-8CD920E062D1}"
EndProject
Project("{2150E333-8FDC-42A3-9474-1A3956D46DE8}") = "Solution Items", "Solution Items", "{8EC462FD-D22E-90A8-E5CE-7E832BA40C5D}"
	ProjectSection(SolutionItems) = preProject
		.gitignore = .gitignore
	EndProjectSection
EndProject
Project("{FAE04EC0-301F-11D3-BF4B-00C04F79EFBC}") = "Bai2_1", "Bai2_1\Bai2_1.csproj", "{98985007-5420-414E-B803-41474717A650}"
EndProject
Project("{FAE04EC0-301F-11D3-BF4B-00C04F79EFBC}") = "Bai2_2", "Bai2_2\Bai2_2.csproj", "{25A17F66-ECBD-4024-9D1B-C1B0ECC80FD1}"
EndProject
Project("{FAE04EC0-301F-11D3-BF4B-00C04F79EFBC}") = "Bai2_3_MotChieu", "Bai2_3\Bai2_3_MotChieu.csproj", "{5F1596B6-51D6-45E3-B6E7-5FAE0B55FCA8}"
EndProject
Project("{FAE04EC0-301F-11D3-BF4B-00C04F79EFBC}") = "Bai2_4_HaiChieu", "Bai2_4\Bai2_4_HaiChieu.csproj", "{34832EF5-1046-44A6-992B-7BB137EDECA4}"
EndProject
Project("{FAE04EC0-301F-11D3-BF4B-00C04F79EFBC}") = "Bai2_3_DaThuc", "Bai2_3_DaThuc\Bai2_3_DaThuc.csproj", "{E60A0475-783F-4987-971F-E2482D5AE95E}"
EndProject
Project("{FAE04EC0-301F-11D3-BF4B-00C04F79EFBC}") = "Bai2_4_DayPhanSo", "Bai2_4_DayPhanSo\Bai2_4_DayPhanSo.csproj", "{69549341-C97A-48E0-92C3-7DF2F5147E0D}"
EndProject
Project("{FAE04EC0-301F-11D3-BF4B-00C04F79EFBC}") = "Bai2_5", "Bai2_5\Bai2_5.csproj", "{8452C92C-2F48-43EF-B4A8-70B3214F4A65}"
EndProject
Project("{FAE04EC0-301F-11D3-BF4B-00C04F79EFBC}") = "Bai3_1", "Bai3_1\Bai3_1.csproj", "{D909A1BB-7D96-40A0-91A3-A319CB78F68F}"
EndProject
Project("{FAE04EC0-301F-11D3-BF4B-00C04F79EFBC}") = "Bai3_2", "Bai3_2\Bai3_2.csproj", "{C7E51B28-85E8-45B4-8C8F-3C00D75F35F4}"
EndProject
Project("{FAE04EC0-301F-11D3-BF4B-00C04F79EFBC}") = "Bai3_3", "Bai3_3\Bai3_3.csproj", "{D2177195-43D0-4453-859A-9187BDC1B2C1}"
EndProject
Project("{FAE04EC0-301F-11D3-BF4B-00C04F79EFBC}") = "Bai3_4", "Bai3_4\Bai3_4.csproj", "{3AAFC4FA-3CE2-4101-BC4A-2F65BE17A308}"
EndProject
Project("{FAE04EC0-301F-11D3-BF4B-00C04F79EFBC}") = "Bai3_5", "Bai3_5\Bai3_5.csproj", "{1FACDBA9-3563-4066-838E-BF15FB190A5B}"
EndProject
Project("{FAE04EC0-301F-11D3-BF4B-00C04F79EFBC}") = "Bai3_6", "Bai3_6\Bai3_6.csproj", "{B5928D2F-5258-4359-83DC-5858FCCF8342}"
EndProject
Global
	GlobalSection(SolutionConfigurationPlatforms) = preSolution
		Debug|Any CPU = Debug|Any CPU
		Release|Any CPU = Release|Any CPU
	EndGlobalSection
	GlobalSection(ProjectConfigurationPlatforms) = postSolution
		{84C0B343-5CD6-47BD-A3A0-0DC138BFA9E2}.Debug|Any CPU.ActiveCfg = Debug|Any CPU
		{84C0B343-5CD6-47BD-A3A0-0DC138BFA9E2}.Debug|Any CPU.Build.0 = Debug|Any CPU
		{84C0B343-5CD6-47BD-A3A0-0DC138BFA9E2}.Release|Any CPU.ActiveCfg = Release|Any CPU
		{84C0B343-5CD6-47BD-A3A0-0DC138BFA9E2}.Release|Any CPU.Build.0 = Release|Any CPU
		{C2F50EB7-62FE-4A05-8F02-FCE322361921}.Debug|Any CPU.ActiveCfg = Debug|Any CPU
		{C2F50EB7-62FE-4A05-8F02-FCE322361921}.Debug|Any CPU.Build.0 = Debug|Any CPU
		{C2F50EB7-62FE-4A05-8F02-FCE322361921}.Release|Any CPU.ActiveCfg = Release|Any CPU
		{C2F50EB7-62FE-4A05-8F02-FCE322361921}.Release|Any CPU.Build.0 = Release|Any CPU
		{770907FA-FBF0-4D6B-B561-DC0F6EA704FA}.Debug|Any CPU.ActiveCfg = Debug|Any CPU
		{770907FA-FBF0-4D6B-B561-DC0F6EA704FA}.Debug|Any CPU.Build.0 = Debug|Any CPU
		{770907FA-FBF0-4D6B-B561-DC0F6EA704FA}.Release|Any CPU.ActiveCfg = Release|Any CPU
		{770907FA-FBF0-4D6B-B561-DC0F6EA704FA}.Release|Any CPU.Build.0 = Release|Any CPU
		{C8740FA3-4A50-4AD6-8A4D-2E190674E849}.Debug|Any CPU.ActiveCfg = Debug|Any CPU
		{C8740FA3-4A50-4AD6-8A4D-2E190674E849}.Debug|Any CPU.Build.0 = Debug|Any CPU
		{C8740FA3-4A50-4AD6-8A4D-2E190674E849}.Release|Any CPU.ActiveCfg = Release|Any CPU
		{C8740FA3-4A50-4AD6-8A4D-2E190674E849}.Release|Any CPU.Build.0 = Release|Any CPU
		{31B67C07-DF36-4DB1-9224-8CD920E062D1}.Debug|Any CPU.ActiveCfg = Debug|Any CPU
		{31B67C07-DF36-4DB1-9224-8CD920E062D1}.Debug|Any CPU.Build.0 = Debug|Any CPU
		{31B67C07-DF36-4DB1-9224-8CD920E062D1}.Release|Any CPU.ActiveCfg = Release|Any CPU
		{31B67C07-DF36-4DB1-9224-8CD920E062D1}.Release|Any CPU.Build.0 = Release|Any CPU
		{98985007-5420-414E-B803-41474717A650}.Debug|Any CPU.ActiveCfg = Debug|Any CPU
		{98985007-5420-414E-B803-41474717A650}.Debug|Any CPU.Build.0 = Debug|Any CPU
		{98985007-5420-414E-B803-41474717A650}.Release|Any CPU.ActiveCfg = Release|Any CPU
		{98985007-5420-414E-B803-41474717A650}.Release|Any CPU.Build.0 = Release|Any CPU
		{25A17F66-ECBD-4024-9D1B-C1B0ECC80FD1}.Debug|Any CPU.ActiveCfg = Debug|Any CPU
		{25A17F66-ECBD-4024-9D1B-C1B0ECC80FD1}.Debug|Any CPU.Build.0 = Debug|Any CPU
		{25A17F66-ECBD-4024-9D1B-C1B0ECC80FD1}.Release|Any CPU.ActiveCfg = Release|Any CPU
		{25A17F66-ECBD-4024-9D1B-C1B0ECC80FD1}.Release|Any CPU.Build.0 = Release|Any CPU
		{5F1596B6-51D6-45E3-B6E7-5FAE0B55FCA8}.Debug|Any CPU.ActiveCfg = Debug|Any CPU
		{5F1596B6-51D6-45E3-B6E7-5FAE0B55FCA8}.Debug|Any CPU.Build.0 = Debug|Any CPU
		{5F1596B6-51D6-45E3-B6E7-5FAE0B55FCA8}.Release|Any CPU.ActiveCfg = Release|Any CPU
		{5F1596B6-51D6-45E3-B6E7-5FAE0B55FCA8}.Release|Any CPU.Build.0 = Release|Any CPU
		{34832EF5-1046-44A6-992B-7BB137EDECA4}.Debug|Any CPU.ActiveCfg = Debug|Any CPU
		{34832EF5-1046-44A6-992B-7BB137EDECA4}.Debug|Any CPU.Build.0 = Debug|Any CPU
		{34832EF5-1046-44A6-992B-7BB137EDECA4}.Release|Any CPU.ActiveCfg = Release|Any CPU
		{34832EF5-1046-44A6-992B-7BB137EDECA4}.Release|Any CPU.Build.0 = Release|Any CPU
		{E60A0475-783F-4987-971F-E2482D5AE95E}.Debug|Any CPU.ActiveCfg = Debug|Any CPU
		{E60A0475-783F-4987-971F-E2482D5AE95E}.Debug|Any CPU.Build.0 = Debug|Any CPU
		{E60A0475-783F-4987-971F-E2482D5AE95E}.Release|Any CPU.ActiveCfg = Release|Any CPU
		{E60A0475-783F-4987-971F-E2482D5AE95E}.Release|Any CPU.Build.0 = Release|Any CPU
		{69549341-C97A-48E0-92C3-7DF2F5147E0D}.Debug|Any CPU.ActiveCfg = Debug|Any CPU
		{69549341-C97A-48E0-92C3-7DF2F5147E0D}.Debug|Any CPU.Build.0 = Debug|Any CPU
		{69549341-C97A-48E0-92C3-7DF2F5147E0D}.Release|Any CPU.ActiveCfg = Release|Any CPU
		{69549341-C97A-48E0-92C3-7DF2F5147E0D}.Release|Any CPU.Build.0 = Release|Any CPU
		{8452C92C-2F48-43EF-B4A8-70B3214F4A65}.Debug|Any CPU.ActiveCfg = Debug|Any CPU
		{8452C92C-2F48-43EF-B4A8-70B3214F4A65}.Debug|Any CPU.Build.0 = Debug|Any CPU
		{8452C92C-2F48-43EF-B4A8-70B3214F4A65}.Release|Any CPU.ActiveCfg = Release|Any CPU
		{8452C92C-2F48-43EF-B4A8-70B3214F4A65}.Release|Any CPU.Build.0 = Release|Any CPU
		{D909A1BB-7D96-40A0-91A3-A319CB78F68F}.Debug|Any CPU.ActiveCfg = Debug|Any CPU
		{D909A1BB-7D96-40A0-91A3-A319CB78F68F}.Debug|Any CPU.Build.0 = Debug|Any CPU
		{D909A1BB-7D96-40A0-91A3-A319CB78F68F}.Release|Any CPU.ActiveCfg = Release|Any CPU
		{D909A1BB-7D96-40A0-91A3-A319CB78F68F}.Release|Any CPU.Build.0 = Release|Any CPU
		{C7E51B28-85E8-45B4-8C8F-3C00D75F35F4}.Debug|Any CPU.ActiveCfg = Debug|Any CPU
		{C7E51B28-85E8-45B4-8C8F-3C00D75F35F4}.Debug|Any CPU.Build.0 = Debug|Any CPU
		{C7E51B28-85E8-45B4-8C8F-3C00D75F35F4}.Release|Any CPU.ActiveCfg = Release|Any CPU
		{C7E51B28-85E8-45B4-8C8F-3C00D75F35F4}.Release|Any CPU.Build.0 = Release|Any CPU
		{D2177195-43D0-4453-859A-9187BDC1B2C1}.Debug|Any CPU.ActiveCfg = Debug|Any CPU
		{D2177195-43D0-4453-859A-9187BDC1B2C1}.Debug|Any CPU.Build.0 = Debug|Any CPU
		{D2177195-43D0-4453-859A-9187BDC1B2C1}.Release|Any CPU.ActiveCfg = Release|Any CPU
		{D2177195-43D0-4453-859A-9187BDC1B2C1}.Release|Any CPU.Build.0 = Release|Any CPU
		{3AAFC4FA-3CE2-4101-BC4A-2F65BE17A308}.Debug|Any CPU.ActiveCfg = Debug|Any CPU
		{3AAFC4FA-3CE2-4101-BC4A-2F65BE17A308}.Debug|Any CPU.Build.0 = Debug|Any CPU
		{3AAFC4FA-3CE2-4101-BC4A-2F65BE17A308}.Release|Any CPU.ActiveCfg = Release|Any CPU
		{3AAFC4FA-3CE2-4101-BC4A-2F65BE17A308}.Release|Any CPU.Build.0 = Release|Any CPU
		{1FACDBA9-3563-4066-838E-BF15FB190A5B}.Debug|Any CPU.ActiveCfg = Debug|Any CPU
		{1FACDBA9-3563-4066-838E-BF15FB190A5B}.Debug|Any CPU.Build.0 = Debug|Any CPU
		{1FACDBA9-3563-4066-838E-BF15FB190A5B}.Release|Any CPU.ActiveCfg = Release|Any CPU
		{1FACDBA9-3563-4066-838E-BF15FB190A5B}.Release|Any CPU.Build.0 = Release|Any CPU
		{B5928D2F-5258-4359-83DC-5858FCCF8342}.Debug|Any CPU.ActiveCfg = Debug|Any CPU
		{B5928D2F-5258-4359-83DC-5858FCCF8342}.Debug|Any CPU.Build.0 = Debug|Any CPU
		{B5928D2F-5258-4359-83DC-5858FCCF8342}.Release|Any CPU.ActiveCfg = Release|Any CPU
		{B5928D2F-5258-4359-83DC-5858FCCF8342}.Release|Any CPU.Build.0 = Release|Any CPU
	EndGlobalSection
	GlobalSection(SolutionProperties) = preSolution
		HideSolutionNode = FALSE
	EndGlobalSection
	GlobalSection(ExtensibilityGlobals) = postSolution
		SolutionGuid = {0732E52D-AA3F-485A-8ABE-378AA5A3B775}
	EndGlobalSection
EndGlobal
